// !$*UTF8*$!
{
	archiveVersion = 1;
	classes = {
	};
	objectVersion = 50;
	objects = {

/* Begin PBXBuildFile section */
		765D32AD247F9F9B003167A7 /* MemoListTableViewController.swift in Sources */ = {isa = PBXBuildFile; fileRef = 765D32AC247F9F9B003167A7 /* MemoListTableViewController.swift */; };
		765D32AF2480F01B003167A7 /* ComposeViewController.swift in Sources */ = {isa = PBXBuildFile; fileRef = 765D32AE2480F01B003167A7 /* ComposeViewController.swift */; };
		768734EB2481491B006EFCD7 /* UIViewController+Alert.swift in Sources */ = {isa = PBXBuildFile; fileRef = 768734EA2481491B006EFCD7 /* UIViewController+Alert.swift */; };
		76988930247EB4DF00404670 /* Model.swift in Sources */ = {isa = PBXBuildFile; fileRef = 7698892F247EB4DF00404670 /* Model.swift */; };
		76F3556A247CFAE800512015 /* AppDelegate.swift in Sources */ = {isa = PBXBuildFile; fileRef = 76F35569247CFAE800512015 /* AppDelegate.swift */; };
		76F3556C247CFAE800512015 /* SceneDelegate.swift in Sources */ = {isa = PBXBuildFile; fileRef = 76F3556B247CFAE800512015 /* SceneDelegate.swift */; };
		76F35571247CFAE800512015 /* Main.storyboard in Resources */ = {isa = PBXBuildFile; fileRef = 76F3556F247CFAE800512015 /* Main.storyboard */; };
		76F35574247CFAE800512015 /* HimMemo.xcdatamodeld in Sources */ = {isa = PBXBuildFile; fileRef = 76F35572247CFAE800512015 /* HimMemo.xcdatamodeld */; };
		76F35576247CFAEA00512015 /* Assets.xcassets in Resources */ = {isa = PBXBuildFile; fileRef = 76F35575247CFAEA00512015 /* Assets.xcassets */; };
		76F35579247CFAEA00512015 /* LaunchScreen.storyboard in Resources */ = {isa = PBXBuildFile; fileRef = 76F35577247CFAEA00512015 /* LaunchScreen.storyboard */; };
/* End PBXBuildFile section */

/* Begin PBXFileReference section */
		765D32AC247F9F9B003167A7 /* MemoListTableViewController.swift */ = {isa = PBXFileReference; lastKnownFileType = sourcecode.swift; path = MemoListTableViewController.swift; sourceTree = "<group>"; };
		765D32AE2480F01B003167A7 /* ComposeViewController.swift */ = {isa = PBXFileReference; lastKnownFileType = sourcecode.swift; path = ComposeViewController.swift; sourceTree = "<group>"; };
		768734EA2481491B006EFCD7 /* UIViewController+Alert.swift */ = {isa = PBXFileReference; lastKnownFileType = sourcecode.swift; path = "UIViewController+Alert.swift"; sourceTree = "<group>"; };
		7698892F247EB4DF00404670 /* Model.swift */ = {isa = PBXFileReference; lastKnownFileType = sourcecode.swift; path = Model.swift; sourceTree = "<group>"; };
		76F35566247CFAE800512015 /* 힘메모.app */ = {isa = PBXFileReference; explicitFileType = wrapper.application; includeInIndex = 0; path = "힘메모.app"; sourceTree = BUILT_PRODUCTS_DIR; };
		76F35569247CFAE800512015 /* AppDelegate.swift */ = {isa = PBXFileReference; lastKnownFileType = sourcecode.swift; path = AppDelegate.swift; sourceTree = "<group>"; };
		76F3556B247CFAE800512015 /* SceneDelegate.swift */ = {isa = PBXFileReference; lastKnownFileType = sourcecode.swift; path = SceneDelegate.swift; sourceTree = "<group>"; };
		76F35570247CFAE800512015 /* Base */ = {isa = PBXFileReference; lastKnownFileType = file.storyboard; name = Base; path = Base.lproj/Main.storyboard; sourceTree = "<group>"; };
		76F35573247CFAE800512015 /* HimMemo.xcdatamodel */ = {isa = PBXFileReference; lastKnownFileType = wrapper.xcdatamodel; path = HimMemo.xcdatamodel; sourceTree = "<group>"; };
		76F35575247CFAEA00512015 /* Assets.xcassets */ = {isa = PBXFileReference; lastKnownFileType = folder.assetcatalog; path = Assets.xcassets; sourceTree = "<group>"; };
		76F35578247CFAEA00512015 /* Base */ = {isa = PBXFileReference; lastKnownFileType = file.storyboard; name = Base; path = Base.lproj/LaunchScreen.storyboard; sourceTree = "<group>"; };
		76F3557A247CFAEA00512015 /* Info.plist */ = {isa = PBXFileReference; lastKnownFileType = text.plist.xml; path = Info.plist; sourceTree = "<group>"; };
/* End PBXFileReference section */

/* Begin PBXFrameworksBuildPhase section */
		76F35563247CFAE800512015 /* Frameworks */ = {
			isa = PBXFrameworksBuildPhase;
			buildActionMask = 2147483647;
			files = (
			);
			runOnlyForDeploymentPostprocessing = 0;
		};
/* End PBXFrameworksBuildPhase section */

/* Begin PBXGroup section */
		7698892E247EB4C600404670 /* Model */ = {
			isa = PBXGroup;
			children = (
				7698892F247EB4DF00404670 /* Model.swift */,
				768734EA2481491B006EFCD7 /* UIViewController+Alert.swift */,
			);
			path = Model;
			sourceTree = "<group>";
		};
		76F3555D247CFAE800512015 = {
			isa = PBXGroup;
			children = (
				76F35568247CFAE800512015 /* HimMemo */,
				76F35567247CFAE800512015 /* Products */,
			);
			sourceTree = "<group>";
		};
		76F35567247CFAE800512015 /* Products */ = {
			isa = PBXGroup;
			children = (
				76F35566247CFAE800512015 /* 힘메모.app */,
			);
			name = Products;
			sourceTree = "<group>";
		};
		76F35568247CFAE800512015 /* HimMemo */ = {
			isa = PBXGroup;
			children = (
				7698892E247EB4C600404670 /* Model */,
				76F35569247CFAE800512015 /* AppDelegate.swift */,
				76F3556B247CFAE800512015 /* SceneDelegate.swift */,
				765D32AC247F9F9B003167A7 /* MemoListTableViewController.swift */,
				765D32AE2480F01B003167A7 /* ComposeViewController.swift */,
				76F3556F247CFAE800512015 /* Main.storyboard */,
				76F35575247CFAEA00512015 /* Assets.xcassets */,
				76F35577247CFAEA00512015 /* LaunchScreen.storyboard */,
				76F3557A247CFAEA00512015 /* Info.plist */,
				76F35572247CFAE800512015 /* HimMemo.xcdatamodeld */,
			);
			path = HimMemo;
			sourceTree = "<group>";
		};
/* End PBXGroup section */

/* Begin PBXNativeTarget section */
		76F35565247CFAE800512015 /* HimMemo */ = {
			isa = PBXNativeTarget;
			buildConfigurationList = 76F3557D247CFAEA00512015 /* Build configuration list for PBXNativeTarget "HimMemo" */;
			buildPhases = (
				76F35562247CFAE800512015 /* Sources */,
				76F35563247CFAE800512015 /* Frameworks */,
				76F35564247CFAE800512015 /* Resources */,
			);
			buildRules = (
			);
			dependencies = (
			);
			name = HimMemo;
			productName = HimMemo;
			productReference = 76F35566247CFAE800512015 /* 힘메모.app */;
			productType = "com.apple.product-type.application";
		};
/* End PBXNativeTarget section */

/* Begin PBXProject section */
		76F3555E247CFAE800512015 /* Project object */ = {
			isa = PBXProject;
			attributes = {
				LastSwiftUpdateCheck = 1150;
				LastUpgradeCheck = 1150;
				ORGANIZATIONNAME = "Himchan Park";
				TargetAttributes = {
					76F35565247CFAE800512015 = {
						CreatedOnToolsVersion = 11.5;
					};
				};
			};
			buildConfigurationList = 76F35561247CFAE800512015 /* Build configuration list for PBXProject "HimMemo" */;
			compatibilityVersion = "Xcode 9.3";
			developmentRegion = en;
			hasScannedForEncodings = 0;
			knownRegions = (
				en,
				Base,
			);
			mainGroup = 76F3555D247CFAE800512015;
			productRefGroup = 76F35567247CFAE800512015 /* Products */;
			projectDirPath = "";
			projectRoot = "";
			targets = (
				76F35565247CFAE800512015 /* HimMemo */,
			);
		};
/* End PBXProject section */

/* Begin PBXResourcesBuildPhase section */
		76F35564247CFAE800512015 /* Resources */ = {
			isa = PBXResourcesBuildPhase;
			buildActionMask = 2147483647;
			files = (
				76F35579247CFAEA00512015 /* LaunchScreen.storyboard in Resources */,
				76F35576247CFAEA00512015 /* Assets.xcassets in Resources */,
				76F35571247CFAE800512015 /* Main.storyboard in Resources */,
			);
			runOnlyForDeploymentPostprocessing = 0;
		};
/* End PBXResourcesBuildPhase section */

/* Begin PBXSourcesBuildPhase section */
		76F35562247CFAE800512015 /* Sources */ = {
			isa = PBXSourcesBuildPhase;
			buildActionMask = 2147483647;
			files = (
				76F35574247CFAE800512015 /* HimMemo.xcdatamodeld in Sources */,
				76F3556A247CFAE800512015 /* AppDelegate.swift in Sources */,
				765D32AD247F9F9B003167A7 /* MemoListTableViewController.swift in Sources */,
				765D32AF2480F01B003167A7 /* ComposeViewController.swift in Sources */,
				76F3556C247CFAE800512015 /* SceneDelegate.swift in Sources */,
				76988930247EB4DF00404670 /* Model.swift in Sources */,
				768734EB2481491B006EFCD7 /* UIViewController+Alert.swift in Sources */,
			);
			runOnlyForDeploymentPostprocessing = 0;
		};
/* End PBXSourcesBuildPhase section */

/* Begin PBXVariantGroup section */
		76F3556F247CFAE800512015 /* Main.storyboard */ = {
			isa = PBXVariantGroup;
			children = (
				76F35570247CFAE800512015 /* Base */,
			);
			name = Main.storyboard;
			sourceTree = "<group>";
		};
		76F35577247CFAEA00512015 /* LaunchScreen.storyboard */ = {
			isa = PBXVariantGroup;
			children = (
				76F35578247CFAEA00512015 /* Base */,
			);
			name = LaunchScreen.storyboard;
			sourceTree = "<group>";
		};
/* End PBXVariantGroup section */

/* Begin XCBuildConfiguration section */
		76F3557B247CFAEA00512015 /* Debug */ = {
			isa = XCBuildConfiguration;
			buildSettings = {
				ALWAYS_SEARCH_USER_PATHS = NO;
				CLANG_ANALYZER_NONNULL = YES;
				CLANG_ANALYZER_NUMBER_OBJECT_CONVERSION = YES_AGGRESSIVE;
				CLANG_CXX_LANGUAGE_STANDARD = "gnu++14";
				CLANG_CXX_LIBRARY = "libc++";
				CLANG_ENABLE_MODULES = YES;
				CLANG_ENABLE_OBJC_ARC = YES;
				CLANG_ENABLE_OBJC_WEAK = YES;
				CLANG_WARN_BLOCK_CAPTURE_AUTORELEASING = YES;
				CLANG_WARN_BOOL_CONVERSION = YES;
				CLANG_WARN_COMMA = YES;
				CLANG_WARN_CONSTANT_CONVERSION = YES;
				CLANG_WARN_DEPRECATED_OBJC_IMPLEMENTATIONS = YES;
				CLANG_WARN_DIRECT_OBJC_ISA_USAGE = YES_ERROR;
				CLANG_WARN_DOCUMENTATION_COMMENTS = YES;
				CLANG_WARN_EMPTY_BODY = YES;
				CLANG_WARN_ENUM_CONVERSION = YES;
				CLANG_WARN_INFINITE_RECURSION = YES;
				CLANG_WARN_INT_CONVERSION = YES;
				CLANG_WARN_NON_LITERAL_NULL_CONVERSION = YES;
				CLANG_WARN_OBJC_IMPLICIT_RETAIN_SELF = YES;
				CLANG_WARN_OBJC_LITERAL_CONVERSION = YES;
				CLANG_WARN_OBJC_ROOT_CLASS = YES_ERROR;
				CLANG_WARN_RANGE_LOOP_ANALYSIS = YES;
				CLANG_WARN_STRICT_PROTOTYPES = YES;
				CLANG_WARN_SUSPICIOUS_MOVE = YES;
				CLANG_WARN_UNGUARDED_AVAILABILITY = YES_AGGRESSIVE;
				CLANG_WARN_UNREACHABLE_CODE = YES;
				CLANG_WARN__DUPLICATE_METHOD_MATCH = YES;
				COPY_PHASE_STRIP = NO;
				DEBUG_INFORMATION_FORMAT = dwarf;
				ENABLE_STRICT_OBJC_MSGSEND = YES;
				ENABLE_TESTABILITY = YES;
				GCC_C_LANGUAGE_STANDARD = gnu11;
				GCC_DYNAMIC_NO_PIC = NO;
				GCC_NO_COMMON_BLOCKS = YES;
				GCC_OPTIMIZATION_LEVEL = 0;
				GCC_PREPROCESSOR_DEFINITIONS = (
					"DEBUG=1",
					"$(inherited)",
				);
				GCC_WARN_64_TO_32_BIT_CONVERSION = YES;
				GCC_WARN_ABOUT_RETURN_TYPE = YES_ERROR;
				GCC_WARN_UNDECLARED_SELECTOR = YES;
				GCC_WARN_UNINITIALIZED_AUTOS = YES_AGGRESSIVE;
				GCC_WARN_UNUSED_FUNCTION = YES;
				GCC_WARN_UNUSED_VARIABLE = YES;
				IPHONEOS_DEPLOYMENT_TARGET = 13.5;
				MTL_ENABLE_DEBUG_INFO = INCLUDE_SOURCE;
				MTL_FAST_MATH = YES;
				ONLY_ACTIVE_ARCH = YES;
				SDKROOT = iphoneos;
				SWIFT_ACTIVE_COMPILATION_CONDITIONS = DEBUG;
				SWIFT_OPTIMIZATION_LEVEL = "-Onone";
			};
			name = Debug;
		};
		76F3557C247CFAEA00512015 /* Release */ = {
			isa = XCBuildConfiguration;
			buildSettings = {
				ALWAYS_SEARCH_USER_PATHS = NO;
				CLANG_ANALYZER_NONNULL = YES;
				CLANG_ANALYZER_NUMBER_OBJECT_CONVERSION = YES_AGGRESSIVE;
				CLANG_CXX_LANGUAGE_STANDARD = "gnu++14";
				CLANG_CXX_LIBRARY = "libc++";
				CLANG_ENABLE_MODULES = YES;
				CLANG_ENABLE_OBJC_ARC = YES;
				CLANG_ENABLE_OBJC_WEAK = YES;
				CLANG_WARN_BLOCK_CAPTURE_AUTORELEASING = YES;
				CLANG_WARN_BOOL_CONVERSION = YES;
				CLANG_WARN_COMMA = YES;
				CLANG_WARN_CONSTANT_CONVERSION = YES;
				CLANG_WARN_DEPRECATED_OBJC_IMPLEMENTATIONS = YES;
				CLANG_WARN_DIRECT_OBJC_ISA_USAGE = YES_ERROR;
				CLANG_WARN_DOCUMENTATION_COMMENTS = YES;
				CLANG_WARN_EMPTY_BODY = YES;
				CLANG_WARN_ENUM_CONVERSION = YES;
				CLANG_WARN_INFINITE_RECURSION = YES;
				CLANG_WARN_INT_CONVERSION = YES;
				CLANG_WARN_NON_LITERAL_NULL_CONVERSION = YES;
				CLANG_WARN_OBJC_IMPLICIT_RETAIN_SELF = YES;
				CLANG_WARN_OBJC_LITERAL_CONVERSION = YES;
				CLANG_WARN_OBJC_ROOT_CLASS = YES_ERROR;
				CLANG_WARN_RANGE_LOOP_ANALYSIS = YES;
				CLANG_WARN_STRICT_PROTOTYPES = YES;
				CLANG_WARN_SUSPICIOUS_MOVE = YES;
				CLANG_WARN_UNGUARDED_AVAILABILITY = YES_AGGRESSIVE;
				CLANG_WARN_UNREACHABLE_CODE = YES;
				CLANG_WARN__DUPLICATE_METHOD_MATCH = YES;
				COPY_PHASE_STRIP = NO;
				DEBUG_INFORMATION_FORMAT = "dwarf-with-dsym";
				ENABLE_NS_ASSERTIONS = NO;
				ENABLE_STRICT_OBJC_MSGSEND = YES;
				GCC_C_LANGUAGE_STANDARD = gnu11;
				GCC_NO_COMMON_BLOCKS = YES;
				GCC_WARN_64_TO_32_BIT_CONVERSION = YES;
				GCC_WARN_ABOUT_RETURN_TYPE = YES_ERROR;
				GCC_WARN_UNDECLARED_SELECTOR = YES;
				GCC_WARN_UNINITIALIZED_AUTOS = YES_AGGRESSIVE;
				GCC_WARN_UNUSED_FUNCTION = YES;
				GCC_WARN_UNUSED_VARIABLE = YES;
				IPHONEOS_DEPLOYMENT_TARGET = 13.5;
				MTL_ENABLE_DEBUG_INFO = NO;
				MTL_FAST_MATH = YES;
				SDKROOT = iphoneos;
				SWIFT_COMPILATION_MODE = wholemodule;
				SWIFT_OPTIMIZATION_LEVEL = "-O";
				VALIDATE_PRODUCT = YES;
			};
			name = Release;
		};
		76F3557E247CFAEA00512015 /* Debug */ = {
			isa = XCBuildConfiguration;
			buildSettings = {
				ASSETCATALOG_COMPILER_APPICON_NAME = AppIcon;
				CODE_SIGN_STYLE = Automatic;
				DEVELOPMENT_TEAM = 944595JNCH;
				INFOPLIST_FILE = HimMemo/Info.plist;
				IPHONEOS_DEPLOYMENT_TARGET = 10.0;
				LD_RUNPATH_SEARCH_PATHS = (
					"$(inherited)",
					"@executable_path/Frameworks",
				);
				PRODUCT_BUNDLE_IDENTIFIER = damu.HimMemo;
				PRODUCT_NAME = "힘메모";
				SWIFT_VERSION = 5.0;
				TARGETED_DEVICE_FAMILY = 1;
			};
			name = Debug;
		};
		76F3557F247CFAEA00512015 /* Release */ = {
			isa = XCBuildConfiguration;
			buildSettings = {
				ASSETCATALOG_COMPILER_APPICON_NAME = AppIcon;
				CODE_SIGN_STYLE = Automatic;
				DEVELOPMENT_TEAM = 944595JNCH;
				INFOPLIST_FILE = HimMemo/Info.plist;
				IPHONEOS_DEPLOYMENT_TARGET = 10.0;
				LD_RUNPATH_SEARCH_PATHS = (
					"$(inherited)",
					"@executable_path/Frameworks",
				);
				PRODUCT_BUNDLE_IDENTIFIER = damu.HimMemo;
				PRODUCT_NAME = "힘메모";
				SWIFT_VERSION = 5.0;
				TARGETED_DEVICE_FAMILY = 1;
			};
			name = Release;
		};
/* End XCBuildConfiguration section */

/* Begin XCConfigurationList section */
		76F35561247CFAE800512015 /* Build configuration list for PBXProject "HimMemo" */ = {
			isa = XCConfigurationList;
			buildConfigurations = (
				76F3557B247CFAEA00512015 /* Debug */,
				76F3557C247CFAEA00512015 /* Release */,
			);
			defaultConfigurationIsVisible = 0;
			defaultConfigurationName = Release;
		};
		76F3557D247CFAEA00512015 /* Build configuration list for PBXNativeTarget "HimMemo" */ = {
			isa = XCConfigurationList;
			buildConfigurations = (
				76F3557E247CFAEA00512015 /* Debug */,
				76F3557F247CFAEA00512015 /* Release */,
			);
			defaultConfigurationIsVisible = 0;
			defaultConfigurationName = Release;
		};
/* End XCConfigurationList section */

/* Begin XCVersionGroup section */
		76F35572247CFAE800512015 /* HimMemo.xcdatamodeld */ = {
			isa = XCVersionGroup;
			children = (
				76F35573247CFAE800512015 /* HimMemo.xcdatamodel */,
			);
			currentVersion = 76F35573247CFAE800512015 /* HimMemo.xcdatamodel */;
			path = HimMemo.xcdatamodeld;
			sourceTree = "<group>";
			versionGroupType = wrapper.xcdatamodel;
		};
/* End XCVersionGroup section */
	};
	rootObject = 76F3555E247CFAE800512015 /* Project object */;
}
